
Microsoft Visual Studio Solution File, Format Version 12.00
# Visual Studio Version 17
VisualStudioVersion = 17.5.002.0
MinimumVisualStudioVersion = 10.0.40219.1
Project("{9A19103F-16F7-4668-BE54-9A1E7A4F7556}") = "Api", "Api.csproj", "{7A483D2C-16DC-4F77-8588-79572F13C3EE}"
EndProject
Global
	GlobalSection(SolutionConfigurationPlatforms) = preSolution
		Debug|Any CPU = Debug|Any CPU
		Release|Any CPU = Release|Any CPU
	EndGlobalSection
	GlobalSection(ProjectConfigurationPlatforms) = postSolution
		{7A483D2C-16DC-4F77-8588-79572F13C3EE}.Debug|Any CPU.ActiveCfg = Debug|Any CPU
		{7A483D2C-16DC-4F77-8588-79572F13C3EE}.Debug|Any CPU.Build.0 = Debug|Any CPU
		{7A483D2C-16DC-4F77-8588-79572F13C3EE}.Release|Any CPU.ActiveCfg = Release|Any CPU
		{7A483D2C-16DC-4F77-8588-79572F13C3EE}.Release|Any CPU.Build.0 = Release|Any CPU
	EndGlobalSection
	GlobalSection(SolutionProperties) = preSolution
		HideSolutionNode = FALSE
	EndGlobalSection
	GlobalSection(ExtensibilityGlobals) = postSolution
		SolutionGuid = {4B7FA8BB-D1DE-4377-8540-978275C54349}
	EndGlobalSection
EndGlobal
